
Microsoft Visual Studio Solution File, Format Version 12.00
# Visual Studio Version 17
VisualStudioVersion = 17.8.34322.80
MinimumVisualStudioVersion = 10.0.40219.1
Project("{8BC9CEB8-8B4A-11D0-8D11-00A0C91BC942}") = "1", "С\С.vcxproj", "{596D80DC-A6EC-4496-8C55-52E998636F85}"
EndProject
Project("{2150E333-8FDC-42A3-9474-1A3956D46DE8}") = "lab1", "lab1", "{81893DF1-B56A-4277-8D82-202004D9E621}"
EndProject
Project("{8BC9CEB8-8B4A-11D0-8D11-00A0C91BC942}") = "2", "2\2.vcxproj", "{12D440E7-CC51-4103-A283-9DC6D0E0E597}"
EndProject
Project("{8BC9CEB8-8B4A-11D0-8D11-00A0C91BC942}") = "3", "3\3.vcxproj", "{4D4D6484-713F-4FA8-84FC-C68657CB0094}"
EndProject
Project("{8BC9CEB8-8B4A-11D0-8D11-00A0C91BC942}") = "4", "4\4.vcxproj", "{77806E5F-04B2-4468-A1DE-69ABCDC4EEAB}"
EndProject
Project("{8BC9CEB8-8B4A-11D0-8D11-00A0C91BC942}") = "5", "5\5.vcxproj", "{D760E2FA-5FE1-4B50-A19A-FE3BDBA4EC10}"
EndProject
Project("{8BC9CEB8-8B4A-11D0-8D11-00A0C91BC942}") = "6", "6\6.vcxproj", "{59B75C13-C145-4BF4-BDAB-684DF825A59E}"
EndProject
Project("{8BC9CEB8-8B4A-11D0-8D11-00A0C91BC942}") = "7", "7\7.vcxproj", "{8FF1CEF2-A526-4E22-B4E3-94E2A78A68FD}"
EndProject
Project("{8BC9CEB8-8B4A-11D0-8D11-00A0C91BC942}") = "8", "8\8.vcxproj", "{9309867C-3B7C-4421-8001-5EE3D36B3B20}"
EndProject
Project("{8BC9CEB8-8B4A-11D0-8D11-00A0C91BC942}") = "9", "9\9.vcxproj", "{61150B19-F1B3-43E9-AFE4-EBDB1F346F0D}"
EndProject
Project("{8BC9CEB8-8B4A-11D0-8D11-00A0C91BC942}") = "10", "10\10.vcxproj", "{5934CBFB-A556-4B48-BAC2-1779FA1FB231}"
EndProject
Project("{8BC9CEB8-8B4A-11D0-8D11-00A0C91BC942}") = "Ex1", "1\1.vcxproj", "{4EBE6AC2-AEAC-4A5E-946A-5F01B6B426F4}"
EndProject
Project("{2150E333-8FDC-42A3-9474-1A3956D46DE8}") = "lab2", "lab2", "{CF99B52E-C2B4-46AC-A028-0EB7D56F0FAC}"
EndProject
Project("{8BC9CEB8-8B4A-11D0-8D11-00A0C91BC942}") = "Ex 2", "Ex2\Ex 2.vcxproj", "{2FFB5B5F-610F-4457-BEBD-C8C0383EA2D0}"
EndProject
Project("{8BC9CEB8-8B4A-11D0-8D11-00A0C91BC942}") = "Ex3", "Ex3\Ex3.vcxproj", "{8894E680-7EF0-45DE-85B0-2AA1B273A61E}"
EndProject
Project("{8BC9CEB8-8B4A-11D0-8D11-00A0C91BC942}") = "Ex4", "Ex4\Ex4.vcxproj", "{B1C430DD-05F1-418B-BC50-7AB68D6CCD7E}"
EndProject
Project("{8BC9CEB8-8B4A-11D0-8D11-00A0C91BC942}") = "Example1", "Example1\Example1.vcxproj", "{84595C99-1305-40B9-8CF3-8C3CC3C26BA0}"
EndProject
Project("{8BC9CEB8-8B4A-11D0-8D11-00A0C91BC942}") = "Example10", "Example5\Example5.vcxproj", "{70612E46-C51F-4F8F-B8B9-378225C513B8}"
EndProject
Project("{8BC9CEB8-8B4A-11D0-8D11-00A0C91BC942}") = "Test", "Test\Test.vcxproj", "{A88D669E-8CF1-41F8-A7DD-6B6110FF4F77}"
EndProject
Project("{8BC9CEB8-8B4A-11D0-8D11-00A0C91BC942}") = "Exam", "Exam\Exam.vcxproj", "{C41FCA34-5291-4ECB-803D-A2BAB6C7115D}"
EndProject
Project("{8BC9CEB8-8B4A-11D0-8D11-00A0C91BC942}") = "Test1", "Test1\Test1.vcxproj", "{844E47A8-792E-48A1-A155-508365352453}"
EndProject
Project("{8BC9CEB8-8B4A-11D0-8D11-00A0C91BC942}") = "Stack", "Stack\Stack.vcxproj", "{6F20C2A0-E46E-45F9-BD7C-6F6654D97B68}"
EndProject
Project("{8BC9CEB8-8B4A-11D0-8D11-00A0C91BC942}") = "Node", "Node\Node.vcxproj", "{6DC8ACF4-23BC-4DCB-BAA7-F79F881D217E}"
EndProject
Project("{8BC9CEB8-8B4A-11D0-8D11-00A0C91BC942}") = "Queue", "Queue\Queue.vcxproj", "{91B692A3-5453-4844-B4C3-E445B19BE709}"
EndProject
Project("{8BC9CEB8-8B4A-11D0-8D11-00A0C91BC942}") = "Queue(Book)", "Queue(Book)\Queue(Book).vcxproj", "{E5E55A6E-1D71-4264-9371-D6C0CD42FBD9}"
EndProject
Project("{8BC9CEB8-8B4A-11D0-8D11-00A0C91BC942}") = "List", "List\List.vcxproj", "{2E1AA3CF-3017-433D-963C-F1280D20ADA8}"
EndProject
Project("{8BC9CEB8-8B4A-11D0-8D11-00A0C91BC942}") = "TREENODE", "TREENODE\TREENODE.vcxproj", "{7BF3FE0B-5BAD-4490-8A40-39F644891355}"
EndProject
Project("{8BC9CEB8-8B4A-11D0-8D11-00A0C91BC942}") = "Ex_4.2", "Ex_4.2\Ex_4.2.vcxproj", "{2233EAA0-003B-4749-9DBB-CF250DFF5988}"
EndProject
Project("{8BC9CEB8-8B4A-11D0-8D11-00A0C91BC942}") = "Ex_3_1", "Ex_3_1\Ex_3_1.vcxproj", "{37071177-E17B-471F-8FBE-56A1E59F9D06}"
EndProject
Global
	GlobalSection(SolutionConfigurationPlatforms) = preSolution
		Debug|x64 = Debug|x64
		Debug|x86 = Debug|x86
		Release|x64 = Release|x64
		Release|x86 = Release|x86
	EndGlobalSection
	GlobalSection(ProjectConfigurationPlatforms) = postSolution
		{596D80DC-A6EC-4496-8C55-52E998636F85}.Debug|x64.ActiveCfg = Debug|x64
		{596D80DC-A6EC-4496-8C55-52E998636F85}.Debug|x64.Build.0 = Debug|x64
		{596D80DC-A6EC-4496-8C55-52E998636F85}.Debug|x86.ActiveCfg = Debug|Win32
		{596D80DC-A6EC-4496-8C55-52E998636F85}.Debug|x86.Build.0 = Debug|Win32
		{596D80DC-A6EC-4496-8C55-52E998636F85}.Release|x64.ActiveCfg = Release|x64
		{596D80DC-A6EC-4496-8C55-52E998636F85}.Release|x64.Build.0 = Release|x64
		{596D80DC-A6EC-4496-8C55-52E998636F85}.Release|x86.ActiveCfg = Release|Win32
		{596D80DC-A6EC-4496-8C55-52E998636F85}.Release|x86.Build.0 = Release|Win32
		{12D440E7-CC51-4103-A283-9DC6D0E0E597}.Debug|x64.ActiveCfg = Debug|x64
		{12D440E7-CC51-4103-A283-9DC6D0E0E597}.Debug|x64.Build.0 = Debug|x64
		{12D440E7-CC51-4103-A283-9DC6D0E0E597}.Debug|x86.ActiveCfg = Debug|Win32
		{12D440E7-CC51-4103-A283-9DC6D0E0E597}.Debug|x86.Build.0 = Debug|Win32
		{12D440E7-CC51-4103-A283-9DC6D0E0E597}.Release|x64.ActiveCfg = Release|x64
		{12D440E7-CC51-4103-A283-9DC6D0E0E597}.Release|x64.Build.0 = Release|x64
		{12D440E7-CC51-4103-A283-9DC6D0E0E597}.Release|x86.ActiveCfg = Release|Win32
		{12D440E7-CC51-4103-A283-9DC6D0E0E597}.Release|x86.Build.0 = Release|Win32
		{4D4D6484-713F-4FA8-84FC-C68657CB0094}.Debug|x64.ActiveCfg = Debug|x64
		{4D4D6484-713F-4FA8-84FC-C68657CB0094}.Debug|x64.Build.0 = Debug|x64
		{4D4D6484-713F-4FA8-84FC-C68657CB0094}.Debug|x86.ActiveCfg = Debug|Win32
		{4D4D6484-713F-4FA8-84FC-C68657CB0094}.Debug|x86.Build.0 = Debug|Win32
		{4D4D6484-713F-4FA8-84FC-C68657CB0094}.Release|x64.ActiveCfg = Release|x64
		{4D4D6484-713F-4FA8-84FC-C68657CB0094}.Release|x64.Build.0 = Release|x64
		{4D4D6484-713F-4FA8-84FC-C68657CB0094}.Release|x86.ActiveCfg = Release|Win32
		{4D4D6484-713F-4FA8-84FC-C68657CB0094}.Release|x86.Build.0 = Release|Win32
		{77806E5F-04B2-4468-A1DE-69ABCDC4EEAB}.Debug|x64.ActiveCfg = Debug|x64
		{77806E5F-04B2-4468-A1DE-69ABCDC4EEAB}.Debug|x64.Build.0 = Debug|x64
		{77806E5F-04B2-4468-A1DE-69ABCDC4EEAB}.Debug|x86.ActiveCfg = Debug|Win32
		{77806E5F-04B2-4468-A1DE-69ABCDC4EEAB}.Debug|x86.Build.0 = Debug|Win32
		{77806E5F-04B2-4468-A1DE-69ABCDC4EEAB}.Release|x64.ActiveCfg = Release|x64
		{77806E5F-04B2-4468-A1DE-69ABCDC4EEAB}.Release|x64.Build.0 = Release|x64
		{77806E5F-04B2-4468-A1DE-69ABCDC4EEAB}.Release|x86.ActiveCfg = Release|Win32
		{77806E5F-04B2-4468-A1DE-69ABCDC4EEAB}.Release|x86.Build.0 = Release|Win32
		{D760E2FA-5FE1-4B50-A19A-FE3BDBA4EC10}.Debug|x64.ActiveCfg = Debug|x64
		{D760E2FA-5FE1-4B50-A19A-FE3BDBA4EC10}.Debug|x64.Build.0 = Debug|x64
		{D760E2FA-5FE1-4B50-A19A-FE3BDBA4EC10}.Debug|x86.ActiveCfg = Debug|Win32
		{D760E2FA-5FE1-4B50-A19A-FE3BDBA4EC10}.Debug|x86.Build.0 = Debug|Win32
		{D760E2FA-5FE1-4B50-A19A-FE3BDBA4EC10}.Release|x64.ActiveCfg = Release|x64
		{D760E2FA-5FE1-4B50-A19A-FE3BDBA4EC10}.Release|x64.Build.0 = Release|x64
		{D760E2FA-5FE1-4B50-A19A-FE3BDBA4EC10}.Release|x86.ActiveCfg = Release|Win32
		{D760E2FA-5FE1-4B50-A19A-FE3BDBA4EC10}.Release|x86.Build.0 = Release|Win32
		{59B75C13-C145-4BF4-BDAB-684DF825A59E}.Debug|x64.ActiveCfg = Debug|x64
		{59B75C13-C145-4BF4-BDAB-684DF825A59E}.Debug|x64.Build.0 = Debug|x64
		{59B75C13-C145-4BF4-BDAB-684DF825A59E}.Debug|x86.ActiveCfg = Debug|Win32
		{59B75C13-C145-4BF4-BDAB-684DF825A59E}.Debug|x86.Build.0 = Debug|Win32
		{59B75C13-C145-4BF4-BDAB-684DF825A59E}.Release|x64.ActiveCfg = Release|x64
		{59B75C13-C145-4BF4-BDAB-684DF825A59E}.Release|x64.Build.0 = Release|x64
		{59B75C13-C145-4BF4-BDAB-684DF825A59E}.Release|x86.ActiveCfg = Release|Win32
		{59B75C13-C145-4BF4-BDAB-684DF825A59E}.Release|x86.Build.0 = Release|Win32
		{8FF1CEF2-A526-4E22-B4E3-94E2A78A68FD}.Debug|x64.ActiveCfg = Debug|x64
		{8FF1CEF2-A526-4E22-B4E3-94E2A78A68FD}.Debug|x64.Build.0 = Debug|x64
		{8FF1CEF2-A526-4E22-B4E3-94E2A78A68FD}.Debug|x86.ActiveCfg = Debug|Win32
		{8FF1CEF2-A526-4E22-B4E3-94E2A78A68FD}.Debug|x86.Build.0 = Debug|Win32
		{8FF1CEF2-A526-4E22-B4E3-94E2A78A68FD}.Release|x64.ActiveCfg = Release|x64
		{8FF1CEF2-A526-4E22-B4E3-94E2A78A68FD}.Release|x64.Build.0 = Release|x64
		{8FF1CEF2-A526-4E22-B4E3-94E2A78A68FD}.Release|x86.ActiveCfg = Release|Win32
		{8FF1CEF2-A526-4E22-B4E3-94E2A78A68FD}.Release|x86.Build.0 = Release|Win32
		{9309867C-3B7C-4421-8001-5EE3D36B3B20}.Debug|x64.ActiveCfg = Debug|x64
		{9309867C-3B7C-4421-8001-5EE3D36B3B20}.Debug|x64.Build.0 = Debug|x64
		{9309867C-3B7C-4421-8001-5EE3D36B3B20}.Debug|x86.ActiveCfg = Debug|Win32
		{9309867C-3B7C-4421-8001-5EE3D36B3B20}.Debug|x86.Build.0 = Debug|Win32
		{9309867C-3B7C-4421-8001-5EE3D36B3B20}.Release|x64.ActiveCfg = Release|x64
		{9309867C-3B7C-4421-8001-5EE3D36B3B20}.Release|x64.Build.0 = Release|x64
		{9309867C-3B7C-4421-8001-5EE3D36B3B20}.Release|x86.ActiveCfg = Release|Win32
		{9309867C-3B7C-4421-8001-5EE3D36B3B20}.Release|x86.Build.0 = Release|Win32
		{61150B19-F1B3-43E9-AFE4-EBDB1F346F0D}.Debug|x64.ActiveCfg = Debug|x64
		{61150B19-F1B3-43E9-AFE4-EBDB1F346F0D}.Debug|x64.Build.0 = Debug|x64
		{61150B19-F1B3-43E9-AFE4-EBDB1F346F0D}.Debug|x86.ActiveCfg = Debug|Win32
		{61150B19-F1B3-43E9-AFE4-EBDB1F346F0D}.Debug|x86.Build.0 = Debug|Win32
		{61150B19-F1B3-43E9-AFE4-EBDB1F346F0D}.Release|x64.ActiveCfg = Release|x64
		{61150B19-F1B3-43E9-AFE4-EBDB1F346F0D}.Release|x64.Build.0 = Release|x64
		{61150B19-F1B3-43E9-AFE4-EBDB1F346F0D}.Release|x86.ActiveCfg = Release|Win32
		{61150B19-F1B3-43E9-AFE4-EBDB1F346F0D}.Release|x86.Build.0 = Release|Win32
		{5934CBFB-A556-4B48-BAC2-1779FA1FB231}.Debug|x64.ActiveCfg = Debug|x64
		{5934CBFB-A556-4B48-BAC2-1779FA1FB231}.Debug|x64.Build.0 = Debug|x64
		{5934CBFB-A556-4B48-BAC2-1779FA1FB231}.Debug|x86.ActiveCfg = Debug|Win32
		{5934CBFB-A556-4B48-BAC2-1779FA1FB231}.Debug|x86.Build.0 = Debug|Win32
		{5934CBFB-A556-4B48-BAC2-1779FA1FB231}.Release|x64.ActiveCfg = Release|x64
		{5934CBFB-A556-4B48-BAC2-1779FA1FB231}.Release|x64.Build.0 = Release|x64
		{5934CBFB-A556-4B48-BAC2-1779FA1FB231}.Release|x86.ActiveCfg = Release|Win32
		{5934CBFB-A556-4B48-BAC2-1779FA1FB231}.Release|x86.Build.0 = Release|Win32
		{4EBE6AC2-AEAC-4A5E-946A-5F01B6B426F4}.Debug|x64.ActiveCfg = Debug|x64
		{4EBE6AC2-AEAC-4A5E-946A-5F01B6B426F4}.Debug|x64.Build.0 = Debug|x64
		{4EBE6AC2-AEAC-4A5E-946A-5F01B6B426F4}.Debug|x86.ActiveCfg = Debug|Win32
		{4EBE6AC2-AEAC-4A5E-946A-5F01B6B426F4}.Debug|x86.Build.0 = Debug|Win32
		{4EBE6AC2-AEAC-4A5E-946A-5F01B6B426F4}.Release|x64.ActiveCfg = Release|x64
		{4EBE6AC2-AEAC-4A5E-946A-5F01B6B426F4}.Release|x64.Build.0 = Release|x64
		{4EBE6AC2-AEAC-4A5E-946A-5F01B6B426F4}.Release|x86.ActiveCfg = Release|Win32
		{4EBE6AC2-AEAC-4A5E-946A-5F01B6B426F4}.Release|x86.Build.0 = Release|Win32
		{2FFB5B5F-610F-4457-BEBD-C8C0383EA2D0}.Debug|x64.ActiveCfg = Debug|x64
		{2FFB5B5F-610F-4457-BEBD-C8C0383EA2D0}.Debug|x64.Build.0 = Debug|x64
		{2FFB5B5F-610F-4457-BEBD-C8C0383EA2D0}.Debug|x86.ActiveCfg = Debug|Win32
		{2FFB5B5F-610F-4457-BEBD-C8C0383EA2D0}.Debug|x86.Build.0 = Debug|Win32
		{2FFB5B5F-610F-4457-BEBD-C8C0383EA2D0}.Release|x64.ActiveCfg = Release|x64
		{2FFB5B5F-610F-4457-BEBD-C8C0383EA2D0}.Release|x64.Build.0 = Release|x64
		{2FFB5B5F-610F-4457-BEBD-C8C0383EA2D0}.Release|x86.ActiveCfg = Release|Win32
		{2FFB5B5F-610F-4457-BEBD-C8C0383EA2D0}.Release|x86.Build.0 = Release|Win32
		{8894E680-7EF0-45DE-85B0-2AA1B273A61E}.Debug|x64.ActiveCfg = Debug|x64
		{8894E680-7EF0-45DE-85B0-2AA1B273A61E}.Debug|x64.Build.0 = Debug|x64
		{8894E680-7EF0-45DE-85B0-2AA1B273A61E}.Debug|x86.ActiveCfg = Debug|Win32
		{8894E680-7EF0-45DE-85B0-2AA1B273A61E}.Debug|x86.Build.0 = Debug|Win32
		{8894E680-7EF0-45DE-85B0-2AA1B273A61E}.Release|x64.ActiveCfg = Release|x64
		{8894E680-7EF0-45DE-85B0-2AA1B273A61E}.Release|x64.Build.0 = Release|x64
		{8894E680-7EF0-45DE-85B0-2AA1B273A61E}.Release|x86.ActiveCfg = Release|Win32
		{8894E680-7EF0-45DE-85B0-2AA1B273A61E}.Release|x86.Build.0 = Release|Win32
		{B1C430DD-05F1-418B-BC50-7AB68D6CCD7E}.Debug|x64.ActiveCfg = Debug|x64
		{B1C430DD-05F1-418B-BC50-7AB68D6CCD7E}.Debug|x64.Build.0 = Debug|x64
		{B1C430DD-05F1-418B-BC50-7AB68D6CCD7E}.Debug|x86.ActiveCfg = Debug|Win32
		{B1C430DD-05F1-418B-BC50-7AB68D6CCD7E}.Debug|x86.Build.0 = Debug|Win32
		{B1C430DD-05F1-418B-BC50-7AB68D6CCD7E}.Release|x64.ActiveCfg = Release|x64
		{B1C430DD-05F1-418B-BC50-7AB68D6CCD7E}.Release|x64.Build.0 = Release|x64
		{B1C430DD-05F1-418B-BC50-7AB68D6CCD7E}.Release|x86.ActiveCfg = Release|Win32
		{B1C430DD-05F1-418B-BC50-7AB68D6CCD7E}.Release|x86.Build.0 = Release|Win32
		{84595C99-1305-40B9-8CF3-8C3CC3C26BA0}.Debug|x64.ActiveCfg = Debug|x64
		{84595C99-1305-40B9-8CF3-8C3CC3C26BA0}.Debug|x64.Build.0 = Debug|x64
		{84595C99-1305-40B9-8CF3-8C3CC3C26BA0}.Debug|x86.ActiveCfg = Debug|Win32
		{84595C99-1305-40B9-8CF3-8C3CC3C26BA0}.Debug|x86.Build.0 = Debug|Win32
		{84595C99-1305-40B9-8CF3-8C3CC3C26BA0}.Release|x64.ActiveCfg = Release|x64
		{84595C99-1305-40B9-8CF3-8C3CC3C26BA0}.Release|x64.Build.0 = Release|x64
		{84595C99-1305-40B9-8CF3-8C3CC3C26BA0}.Release|x86.ActiveCfg = Release|Win32
		{84595C99-1305-40B9-8CF3-8C3CC3C26BA0}.Release|x86.Build.0 = Release|Win32
		{70612E46-C51F-4F8F-B8B9-378225C513B8}.Debug|x64.ActiveCfg = Debug|x64
		{70612E46-C51F-4F8F-B8B9-378225C513B8}.Debug|x64.Build.0 = Debug|x64
		{70612E46-C51F-4F8F-B8B9-378225C513B8}.Debug|x86.ActiveCfg = Debug|Win32
		{70612E46-C51F-4F8F-B8B9-378225C513B8}.Debug|x86.Build.0 = Debug|Win32
		{70612E46-C51F-4F8F-B8B9-378225C513B8}.Release|x64.ActiveCfg = Release|x64
		{70612E46-C51F-4F8F-B8B9-378225C513B8}.Release|x64.Build.0 = Release|x64
		{70612E46-C51F-4F8F-B8B9-378225C513B8}.Release|x86.ActiveCfg = Release|Win32
		{70612E46-C51F-4F8F-B8B9-378225C513B8}.Release|x86.Build.0 = Release|Win32
		{A88D669E-8CF1-41F8-A7DD-6B6110FF4F77}.Debug|x64.ActiveCfg = Debug|x64
		{A88D669E-8CF1-41F8-A7DD-6B6110FF4F77}.Debug|x64.Build.0 = Debug|x64
		{A88D669E-8CF1-41F8-A7DD-6B6110FF4F77}.Debug|x86.ActiveCfg = Debug|Win32
		{A88D669E-8CF1-41F8-A7DD-6B6110FF4F77}.Debug|x86.Build.0 = Debug|Win32
		{A88D669E-8CF1-41F8-A7DD-6B6110FF4F77}.Release|x64.ActiveCfg = Release|x64
		{A88D669E-8CF1-41F8-A7DD-6B6110FF4F77}.Release|x64.Build.0 = Release|x64
		{A88D669E-8CF1-41F8-A7DD-6B6110FF4F77}.Release|x86.ActiveCfg = Release|Win32
		{A88D669E-8CF1-41F8-A7DD-6B6110FF4F77}.Release|x86.Build.0 = Release|Win32
		{C41FCA34-5291-4ECB-803D-A2BAB6C7115D}.Debug|x64.ActiveCfg = Debug|x64
		{C41FCA34-5291-4ECB-803D-A2BAB6C7115D}.Debug|x64.Build.0 = Debug|x64
		{C41FCA34-5291-4ECB-803D-A2BAB6C7115D}.Debug|x86.ActiveCfg = Debug|Win32
		{C41FCA34-5291-4ECB-803D-A2BAB6C7115D}.Debug|x86.Build.0 = Debug|Win32
		{C41FCA34-5291-4ECB-803D-A2BAB6C7115D}.Release|x64.ActiveCfg = Release|x64
		{C41FCA34-5291-4ECB-803D-A2BAB6C7115D}.Release|x64.Build.0 = Release|x64
		{C41FCA34-5291-4ECB-803D-A2BAB6C7115D}.Release|x86.ActiveCfg = Release|Win32
		{C41FCA34-5291-4ECB-803D-A2BAB6C7115D}.Release|x86.Build.0 = Release|Win32
		{844E47A8-792E-48A1-A155-508365352453}.Debug|x64.ActiveCfg = Debug|x64
		{844E47A8-792E-48A1-A155-508365352453}.Debug|x64.Build.0 = Debug|x64
		{844E47A8-792E-48A1-A155-508365352453}.Debug|x86.ActiveCfg = Debug|Win32
		{844E47A8-792E-48A1-A155-508365352453}.Debug|x86.Build.0 = Debug|Win32
		{844E47A8-792E-48A1-A155-508365352453}.Release|x64.ActiveCfg = Release|x64
		{844E47A8-792E-48A1-A155-508365352453}.Release|x64.Build.0 = Release|x64
		{844E47A8-792E-48A1-A155-508365352453}.Release|x86.ActiveCfg = Release|Win32
		{844E47A8-792E-48A1-A155-508365352453}.Release|x86.Build.0 = Release|Win32
		{6F20C2A0-E46E-45F9-BD7C-6F6654D97B68}.Debug|x64.ActiveCfg = Debug|x64
		{6F20C2A0-E46E-45F9-BD7C-6F6654D97B68}.Debug|x64.Build.0 = Debug|x64
		{6F20C2A0-E46E-45F9-BD7C-6F6654D97B68}.Debug|x86.ActiveCfg = Debug|Win32
		{6F20C2A0-E46E-45F9-BD7C-6F6654D97B68}.Debug|x86.Build.0 = Debug|Win32
		{6F20C2A0-E46E-45F9-BD7C-6F6654D97B68}.Release|x64.ActiveCfg = Release|x64
		{6F20C2A0-E46E-45F9-BD7C-6F6654D97B68}.Release|x64.Build.0 = Release|x64
		{6F20C2A0-E46E-45F9-BD7C-6F6654D97B68}.Release|x86.ActiveCfg = Release|Win32
		{6F20C2A0-E46E-45F9-BD7C-6F6654D97B68}.Release|x86.Build.0 = Release|Win32
		{6DC8ACF4-23BC-4DCB-BAA7-F79F881D217E}.Debug|x64.ActiveCfg = Debug|x64
		{6DC8ACF4-23BC-4DCB-BAA7-F79F881D217E}.Debug|x64.Build.0 = Debug|x64
		{6DC8ACF4-23BC-4DCB-BAA7-F79F881D217E}.Debug|x86.ActiveCfg = Debug|Win32
		{6DC8ACF4-23BC-4DCB-BAA7-F79F881D217E}.Debug|x86.Build.0 = Debug|Win32
		{6DC8ACF4-23BC-4DCB-BAA7-F79F881D217E}.Release|x64.ActiveCfg = Release|x64
		{6DC8ACF4-23BC-4DCB-BAA7-F79F881D217E}.Release|x64.Build.0 = Release|x64
		{6DC8ACF4-23BC-4DCB-BAA7-F79F881D217E}.Release|x86.ActiveCfg = Release|Win32
		{6DC8ACF4-23BC-4DCB-BAA7-F79F881D217E}.Release|x86.Build.0 = Release|Win32
		{91B692A3-5453-4844-B4C3-E445B19BE709}.Debug|x64.ActiveCfg = Debug|x64
		{91B692A3-5453-4844-B4C3-E445B19BE709}.Debug|x64.Build.0 = Debug|x64
		{91B692A3-5453-4844-B4C3-E445B19BE709}.Debug|x86.ActiveCfg = Debug|Win32
		{91B692A3-5453-4844-B4C3-E445B19BE709}.Debug|x86.Build.0 = Debug|Win32
		{91B692A3-5453-4844-B4C3-E445B19BE709}.Release|x64.ActiveCfg = Release|x64
		{91B692A3-5453-4844-B4C3-E445B19BE709}.Release|x64.Build.0 = Release|x64
		{91B692A3-5453-4844-B4C3-E445B19BE709}.Release|x86.ActiveCfg = Release|Win32
		{91B692A3-5453-4844-B4C3-E445B19BE709}.Release|x86.Build.0 = Release|Win32
		{E5E55A6E-1D71-4264-9371-D6C0CD42FBD9}.Debug|x64.ActiveCfg = Debug|x64
		{E5E55A6E-1D71-4264-9371-D6C0CD42FBD9}.Debug|x64.Build.0 = Debug|x64
		{E5E55A6E-1D71-4264-9371-D6C0CD42FBD9}.Debug|x86.ActiveCfg = Debug|Win32
		{E5E55A6E-1D71-4264-9371-D6C0CD42FBD9}.Debug|x86.Build.0 = Debug|Win32
		{E5E55A6E-1D71-4264-9371-D6C0CD42FBD9}.Release|x64.ActiveCfg = Release|x64
		{E5E55A6E-1D71-4264-9371-D6C0CD42FBD9}.Release|x64.Build.0 = Release|x64
		{E5E55A6E-1D71-4264-9371-D6C0CD42FBD9}.Release|x86.ActiveCfg = Release|Win32
		{E5E55A6E-1D71-4264-9371-D6C0CD42FBD9}.Release|x86.Build.0 = Release|Win32
		{2E1AA3CF-3017-433D-963C-F1280D20ADA8}.Debug|x64.ActiveCfg = Debug|x64
		{2E1AA3CF-3017-433D-963C-F1280D20ADA8}.Debug|x64.Build.0 = Debug|x64
		{2E1AA3CF-3017-433D-963C-F1280D20ADA8}.Debug|x86.ActiveCfg = Debug|Win32
		{2E1AA3CF-3017-433D-963C-F1280D20ADA8}.Debug|x86.Build.0 = Debug|Win32
		{2E1AA3CF-3017-433D-963C-F1280D20ADA8}.Release|x64.ActiveCfg = Release|x64
		{2E1AA3CF-3017-433D-963C-F1280D20ADA8}.Release|x64.Build.0 = Release|x64
		{2E1AA3CF-3017-433D-963C-F1280D20ADA8}.Release|x86.ActiveCfg = Release|Win32
		{2E1AA3CF-3017-433D-963C-F1280D20ADA8}.Release|x86.Build.0 = Release|Win32
		{7BF3FE0B-5BAD-4490-8A40-39F644891355}.Debug|x64.ActiveCfg = Debug|x64
		{7BF3FE0B-5BAD-4490-8A40-39F644891355}.Debug|x64.Build.0 = Debug|x64
		{7BF3FE0B-5BAD-4490-8A40-39F644891355}.Debug|x86.ActiveCfg = Debug|Win32
		{7BF3FE0B-5BAD-4490-8A40-39F644891355}.Debug|x86.Build.0 = Debug|Win32
		{7BF3FE0B-5BAD-4490-8A40-39F644891355}.Release|x64.ActiveCfg = Release|x64
		{7BF3FE0B-5BAD-4490-8A40-39F644891355}.Release|x64.Build.0 = Release|x64
		{7BF3FE0B-5BAD-4490-8A40-39F644891355}.Release|x86.ActiveCfg = Release|Win32
		{7BF3FE0B-5BAD-4490-8A40-39F644891355}.Release|x86.Build.0 = Release|Win32
		{2233EAA0-003B-4749-9DBB-CF250DFF5988}.Debug|x64.ActiveCfg = Debug|x64
		{2233EAA0-003B-4749-9DBB-CF250DFF5988}.Debug|x64.Build.0 = Debug|x64
		{2233EAA0-003B-4749-9DBB-CF250DFF5988}.Debug|x86.ActiveCfg = Debug|Win32
		{2233EAA0-003B-4749-9DBB-CF250DFF5988}.Debug|x86.Build.0 = Debug|Win32
		{2233EAA0-003B-4749-9DBB-CF250DFF5988}.Release|x64.ActiveCfg = Release|x64
		{2233EAA0-003B-4749-9DBB-CF250DFF5988}.Release|x64.Build.0 = Release|x64
		{2233EAA0-003B-4749-9DBB-CF250DFF5988}.Release|x86.ActiveCfg = Release|Win32
		{2233EAA0-003B-4749-9DBB-CF250DFF5988}.Release|x86.Build.0 = Release|Win32
		{37071177-E17B-471F-8FBE-56A1E59F9D06}.Debug|x64.ActiveCfg = Debug|x64
		{37071177-E17B-471F-8FBE-56A1E59F9D06}.Debug|x64.Build.0 = Debug|x64
		{37071177-E17B-471F-8FBE-56A1E59F9D06}.Debug|x86.ActiveCfg = Debug|Win32
		{37071177-E17B-471F-8FBE-56A1E59F9D06}.Debug|x86.Build.0 = Debug|Win32
		{37071177-E17B-471F-8FBE-56A1E59F9D06}.Release|x64.ActiveCfg = Release|x64
		{37071177-E17B-471F-8FBE-56A1E59F9D06}.Release|x64.Build.0 = Release|x64
		{37071177-E17B-471F-8FBE-56A1E59F9D06}.Release|x86.ActiveCfg = Release|Win32
		{37071177-E17B-471F-8FBE-56A1E59F9D06}.Release|x86.Build.0 = Release|Win32
	EndGlobalSection
	GlobalSection(SolutionProperties) = preSolution
		HideSolutionNode = FALSE
	EndGlobalSection
	GlobalSection(NestedProjects) = preSolution
		{596D80DC-A6EC-4496-8C55-52E998636F85} = {81893DF1-B56A-4277-8D82-202004D9E621}
		{12D440E7-CC51-4103-A283-9DC6D0E0E597} = {81893DF1-B56A-4277-8D82-202004D9E621}
		{4D4D6484-713F-4FA8-84FC-C68657CB0094} = {81893DF1-B56A-4277-8D82-202004D9E621}
		{77806E5F-04B2-4468-A1DE-69ABCDC4EEAB} = {81893DF1-B56A-4277-8D82-202004D9E621}
		{D760E2FA-5FE1-4B50-A19A-FE3BDBA4EC10} = {81893DF1-B56A-4277-8D82-202004D9E621}
		{59B75C13-C145-4BF4-BDAB-684DF825A59E} = {81893DF1-B56A-4277-8D82-202004D9E621}
		{8FF1CEF2-A526-4E22-B4E3-94E2A78A68FD} = {81893DF1-B56A-4277-8D82-202004D9E621}
		{9309867C-3B7C-4421-8001-5EE3D36B3B20} = {81893DF1-B56A-4277-8D82-202004D9E621}
		{61150B19-F1B3-43E9-AFE4-EBDB1F346F0D} = {81893DF1-B56A-4277-8D82-202004D9E621}
		{5934CBFB-A556-4B48-BAC2-1779FA1FB231} = {81893DF1-B56A-4277-8D82-202004D9E621}
		{4EBE6AC2-AEAC-4A5E-946A-5F01B6B426F4} = {CF99B52E-C2B4-46AC-A028-0EB7D56F0FAC}
		{2FFB5B5F-610F-4457-BEBD-C8C0383EA2D0} = {CF99B52E-C2B4-46AC-A028-0EB7D56F0FAC}
		{8894E680-7EF0-45DE-85B0-2AA1B273A61E} = {CF99B52E-C2B4-46AC-A028-0EB7D56F0FAC}
		{B1C430DD-05F1-418B-BC50-7AB68D6CCD7E} = {CF99B52E-C2B4-46AC-A028-0EB7D56F0FAC}
	EndGlobalSection
	GlobalSection(ExtensibilityGlobals) = postSolution
		SolutionGuid = {67F2B9C0-9DC7-41C5-84A1-8BA3C67DA044}
	EndGlobalSection
EndGlobal
